// !$*UTF8*$!
{
	archiveVersion = 1;
	classes = {
	};
	objectVersion = 46;
	objects = {

/* Begin PBXBuildFile section */
		301EE5501EE0E48B00E5A9D3 /* MapKit.framework in Frameworks */ = {isa = PBXBuildFile; fileRef = 301EE54F1EE0E48B00E5A9D3 /* MapKit.framework */; };
		30230AB31ED86738003BECA1 /* AppDelegate.swift in Sources */ = {isa = PBXBuildFile; fileRef = 30230AB21ED86738003BECA1 /* AppDelegate.swift */; };
		30230AB51ED86738003BECA1 /* ViewController.swift in Sources */ = {isa = PBXBuildFile; fileRef = 30230AB41ED86738003BECA1 /* ViewController.swift */; };
		30230AB81ED86738003BECA1 /* Main.storyboard in Resources */ = {isa = PBXBuildFile; fileRef = 30230AB61ED86738003BECA1 /* Main.storyboard */; };
		30230ABA1ED86738003BECA1 /* Assets.xcassets in Resources */ = {isa = PBXBuildFile; fileRef = 30230AB91ED86738003BECA1 /* Assets.xcassets */; };
		30230ABD1ED86738003BECA1 /* LaunchScreen.storyboard in Resources */ = {isa = PBXBuildFile; fileRef = 30230ABB1ED86738003BECA1 /* LaunchScreen.storyboard */; };
		302F01EC1F1659550016D842 /* Credentials.plist in Resources */ = {isa = PBXBuildFile; fileRef = 302F01EB1F1659550016D842 /* Credentials.plist */; };
		30CC94FD1F17A98200E1A124 /* reach.png in Resources */ = {isa = PBXBuildFile; fileRef = 30CC94FC1F17A98200E1A124 /* reach.png */; };
		30CC95071F17AD1400E1A124 /* reach-40.png in Resources */ = {isa = PBXBuildFile; fileRef = 30CC95041F17AD1400E1A124 /* reach-40.png */; };
		30CC95081F17AD1400E1A124 /* reach-58.png in Resources */ = {isa = PBXBuildFile; fileRef = 30CC95051F17AD1400E1A124 /* reach-58.png */; };
		30CC95091F17AD1400E1A124 /* reach-120.png in Resources */ = {isa = PBXBuildFile; fileRef = 30CC95061F17AD1400E1A124 /* reach-120.png */; };
		D432C635D4574147A7F7774F /* Pods_Reach_iOS.framework in Frameworks */ = {isa = PBXBuildFile; fileRef = C9C485D0743E01F27AF80B44 /* Pods_Reach_iOS.framework */; };
/* End PBXBuildFile section */

/* Begin PBXFileReference section */
		1B122D6C1822B95B447447F9 /* Pods-Reach iOS.release.xcconfig */ = {isa = PBXFileReference; includeInIndex = 1; lastKnownFileType = text.xcconfig; name = "Pods-Reach iOS.release.xcconfig"; path = "Pods/Target Support Files/Pods-Reach iOS/Pods-Reach iOS.release.xcconfig"; sourceTree = "<group>"; };
		301EE54F1EE0E48B00E5A9D3 /* MapKit.framework */ = {isa = PBXFileReference; lastKnownFileType = wrapper.framework; name = MapKit.framework; path = System/Library/Frameworks/MapKit.framework; sourceTree = SDKROOT; };
		30230AAF1ED86738003BECA1 /* Reach iOS.app */ = {isa = PBXFileReference; explicitFileType = wrapper.application; includeInIndex = 0; path = "Reach iOS.app"; sourceTree = BUILT_PRODUCTS_DIR; };
		30230AB21ED86738003BECA1 /* AppDelegate.swift */ = {isa = PBXFileReference; lastKnownFileType = sourcecode.swift; path = AppDelegate.swift; sourceTree = "<group>"; };
		30230AB41ED86738003BECA1 /* ViewController.swift */ = {isa = PBXFileReference; lastKnownFileType = sourcecode.swift; path = ViewController.swift; sourceTree = "<group>"; };
		30230AB71ED86738003BECA1 /* Base */ = {isa = PBXFileReference; lastKnownFileType = file.storyboard; name = Base; path = Base.lproj/Main.storyboard; sourceTree = "<group>"; };
		30230AB91ED86738003BECA1 /* Assets.xcassets */ = {isa = PBXFileReference; lastKnownFileType = folder.assetcatalog; path = Assets.xcassets; sourceTree = "<group>"; };
		30230ABC1ED86738003BECA1 /* Base */ = {isa = PBXFileReference; lastKnownFileType = file.storyboard; name = Base; path = Base.lproj/LaunchScreen.storyboard; sourceTree = "<group>"; };
		30230ABE1ED86738003BECA1 /* Info.plist */ = {isa = PBXFileReference; lastKnownFileType = text.plist.xml; path = Info.plist; sourceTree = "<group>"; };
		302F01EB1F1659550016D842 /* Credentials.plist */ = {isa = PBXFileReference; fileEncoding = 4; lastKnownFileType = text.plist.xml; path = Credentials.plist; sourceTree = "<group>"; };
		30CC94FC1F17A98200E1A124 /* reach.png */ = {isa = PBXFileReference; lastKnownFileType = image.png; path = reach.png; sourceTree = "<group>"; };
		30CC95041F17AD1400E1A124 /* reach-40.png */ = {isa = PBXFileReference; lastKnownFileType = image.png; path = "reach-40.png"; sourceTree = "<group>"; };
		30CC95051F17AD1400E1A124 /* reach-58.png */ = {isa = PBXFileReference; lastKnownFileType = image.png; path = "reach-58.png"; sourceTree = "<group>"; };
		30CC95061F17AD1400E1A124 /* reach-120.png */ = {isa = PBXFileReference; lastKnownFileType = image.png; path = "reach-120.png"; sourceTree = "<group>"; };
		6E845606F2602C85D0822C9D /* Pods-Reach iOS.debug.xcconfig */ = {isa = PBXFileReference; includeInIndex = 1; lastKnownFileType = text.xcconfig; name = "Pods-Reach iOS.debug.xcconfig"; path = "Pods/Target Support Files/Pods-Reach iOS/Pods-Reach iOS.debug.xcconfig"; sourceTree = "<group>"; };
		C9C485D0743E01F27AF80B44 /* Pods_Reach_iOS.framework */ = {isa = PBXFileReference; explicitFileType = wrapper.framework; includeInIndex = 0; path = Pods_Reach_iOS.framework; sourceTree = BUILT_PRODUCTS_DIR; };
/* End PBXFileReference section */

/* Begin PBXFrameworksBuildPhase section */
		30230AAC1ED86737003BECA1 /* Frameworks */ = {
			isa = PBXFrameworksBuildPhase;
			buildActionMask = 2147483647;
			files = (
				301EE5501EE0E48B00E5A9D3 /* MapKit.framework in Frameworks */,
				D432C635D4574147A7F7774F /* Pods_Reach_iOS.framework in Frameworks */,
			);
			runOnlyForDeploymentPostprocessing = 0;
		};
/* End PBXFrameworksBuildPhase section */

/* Begin PBXGroup section */
		30230AA61ED86737003BECA1 = {
			isa = PBXGroup;
			children = (
				30230AB11ED86738003BECA1 /* Reach iOS */,
				30230AB01ED86738003BECA1 /* Products */,
				D31671B1767DC5F2FA706E0B /* Pods */,
				DBB13CA7420DE00340CC4EAD /* Frameworks */,
			);
			sourceTree = "<group>";
		};
		30230AB01ED86738003BECA1 /* Products */ = {
			isa = PBXGroup;
			children = (
				30230AAF1ED86738003BECA1 /* Reach iOS.app */,
			);
			name = Products;
			sourceTree = "<group>";
		};
		30230AB11ED86738003BECA1 /* Reach iOS */ = {
			isa = PBXGroup;
			children = (
				30CC94FB1F17A96800E1A124 /* New Group */,
				30230AB21ED86738003BECA1 /* AppDelegate.swift */,
				302F01EB1F1659550016D842 /* Credentials.plist */,
				30230AB41ED86738003BECA1 /* ViewController.swift */,
				30230AB61ED86738003BECA1 /* Main.storyboard */,
				30230AB91ED86738003BECA1 /* Assets.xcassets */,
				30230ABB1ED86738003BECA1 /* LaunchScreen.storyboard */,
				30230ABE1ED86738003BECA1 /* Info.plist */,
			);
			path = "Reach iOS";
			sourceTree = "<group>";
		};
		30CC94FB1F17A96800E1A124 /* New Group */ = {
			isa = PBXGroup;
			children = (
				30CC95041F17AD1400E1A124 /* reach-40.png */,
				30CC95051F17AD1400E1A124 /* reach-58.png */,
				30CC95061F17AD1400E1A124 /* reach-120.png */,
				30CC94FC1F17A98200E1A124 /* reach.png */,
			);
			name = "New Group";
			sourceTree = "<group>";
		};
		D31671B1767DC5F2FA706E0B /* Pods */ = {
			isa = PBXGroup;
			children = (
				6E845606F2602C85D0822C9D /* Pods-Reach iOS.debug.xcconfig */,
				1B122D6C1822B95B447447F9 /* Pods-Reach iOS.release.xcconfig */,
			);
			name = Pods;
			sourceTree = "<group>";
		};
		DBB13CA7420DE00340CC4EAD /* Frameworks */ = {
			isa = PBXGroup;
			children = (
				301EE54F1EE0E48B00E5A9D3 /* MapKit.framework */,
				C9C485D0743E01F27AF80B44 /* Pods_Reach_iOS.framework */,
			);
			name = Frameworks;
			sourceTree = "<group>";
		};
/* End PBXGroup section */

/* Begin PBXNativeTarget section */
		30230AAE1ED86737003BECA1 /* Reach iOS */ = {
			isa = PBXNativeTarget;
			buildConfigurationList = 30230AC11ED86738003BECA1 /* Build configuration list for PBXNativeTarget "Reach iOS" */;
			buildPhases = (
				8CF2C8653E8CAB32B4BE65A4 /* [CP] Check Pods Manifest.lock */,
				30230AAB1ED86737003BECA1 /* Sources */,
				30230AAC1ED86737003BECA1 /* Frameworks */,
				30230AAD1ED86737003BECA1 /* Resources */,
				EB85D4C8E43001F5888D9A79 /* [CP] Embed Pods Frameworks */,
				DBA7B85E0E6569D9EB301F77 /* [CP] Copy Pods Resources */,
			);
			buildRules = (
			);
			dependencies = (
			);
			name = "Reach iOS";
			productName = "Reach iOS";
			productReference = 30230AAF1ED86738003BECA1 /* Reach iOS.app */;
			productType = "com.apple.product-type.application";
		};
/* End PBXNativeTarget section */

/* Begin PBXProject section */
		30230AA71ED86737003BECA1 /* Project object */ = {
			isa = PBXProject;
			attributes = {
				LastSwiftUpdateCheck = 0820;
				LastUpgradeCheck = 0820;
				ORGANIZATIONNAME = reinteractive;
				TargetAttributes = {
					30230AAE1ED86737003BECA1 = {
						CreatedOnToolsVersion = 8.2.1;
						DevelopmentTeam = N62PMH2B2X;
						ProvisioningStyle = Automatic;
						SystemCapabilities = {
							com.apple.BackgroundModes = {
								enabled = 1;
							};
							com.apple.Maps.iOS = {
								enabled = 1;
							};
						};
					};
				};
			};
			buildConfigurationList = 30230AAA1ED86737003BECA1 /* Build configuration list for PBXProject "Reach iOS" */;
			compatibilityVersion = "Xcode 3.2";
			developmentRegion = English;
			hasScannedForEncodings = 0;
			knownRegions = (
				en,
				Base,
			);
			mainGroup = 30230AA61ED86737003BECA1;
			productRefGroup = 30230AB01ED86738003BECA1 /* Products */;
			projectDirPath = "";
			projectRoot = "";
			targets = (
				30230AAE1ED86737003BECA1 /* Reach iOS */,
			);
		};
/* End PBXProject section */

/* Begin PBXResourcesBuildPhase section */
		30230AAD1ED86737003BECA1 /* Resources */ = {
			isa = PBXResourcesBuildPhase;
			buildActionMask = 2147483647;
			files = (
				30CC94FD1F17A98200E1A124 /* reach.png in Resources */,
				30230ABD1ED86738003BECA1 /* LaunchScreen.storyboard in Resources */,
				302F01EC1F1659550016D842 /* Credentials.plist in Resources */,
				30CC95091F17AD1400E1A124 /* reach-120.png in Resources */,
				30230ABA1ED86738003BECA1 /* Assets.xcassets in Resources */,
				30230AB81ED86738003BECA1 /* Main.storyboard in Resources */,
				30CC95081F17AD1400E1A124 /* reach-58.png in Resources */,
				30CC95071F17AD1400E1A124 /* reach-40.png in Resources */,
			);
			runOnlyForDeploymentPostprocessing = 0;
		};
/* End PBXResourcesBuildPhase section */

/* Begin PBXShellScriptBuildPhase section */
		8CF2C8653E8CAB32B4BE65A4 /* [CP] Check Pods Manifest.lock */ = {
			isa = PBXShellScriptBuildPhase;
			buildActionMask = 2147483647;
			files = (
			);
			inputPaths = (
			);
			name = "[CP] Check Pods Manifest.lock";
			outputPaths = (
			);
			runOnlyForDeploymentPostprocessing = 0;
			shellPath = /bin/sh;
			shellScript = "diff \"${PODS_PODFILE_DIR_PATH}/Podfile.lock\" \"${PODS_ROOT}/Manifest.lock\" > /dev/null\nif [ $? != 0 ] ; then\n    # print error to STDERR\n    echo \"error: The sandbox is not in sync with the Podfile.lock. Run 'pod install' or update your CocoaPods installation.\" >&2\n    exit 1\nfi\n";
			showEnvVarsInLog = 0;
		};
		DBA7B85E0E6569D9EB301F77 /* [CP] Copy Pods Resources */ = {
			isa = PBXShellScriptBuildPhase;
			buildActionMask = 2147483647;
			files = (
			);
			inputPaths = (
			);
			name = "[CP] Copy Pods Resources";
			outputPaths = (
			);
			runOnlyForDeploymentPostprocessing = 0;
			shellPath = /bin/sh;
			shellScript = "\"${SRCROOT}/Pods/Target Support Files/Pods-Reach iOS/Pods-Reach iOS-resources.sh\"\n";
			showEnvVarsInLog = 0;
		};
		EB85D4C8E43001F5888D9A79 /* [CP] Embed Pods Frameworks */ = {
			isa = PBXShellScriptBuildPhase;
			buildActionMask = 2147483647;
			files = (
			);
			inputPaths = (
			);
			name = "[CP] Embed Pods Frameworks";
			outputPaths = (
			);
			runOnlyForDeploymentPostprocessing = 0;
			shellPath = /bin/sh;
			shellScript = "\"${SRCROOT}/Pods/Target Support Files/Pods-Reach iOS/Pods-Reach iOS-frameworks.sh\"\n";
			showEnvVarsInLog = 0;
		};
/* End PBXShellScriptBuildPhase section */

/* Begin PBXSourcesBuildPhase section */
		30230AAB1ED86737003BECA1 /* Sources */ = {
			isa = PBXSourcesBuildPhase;
			buildActionMask = 2147483647;
			files = (
				30230AB51ED86738003BECA1 /* ViewController.swift in Sources */,
				30230AB31ED86738003BECA1 /* AppDelegate.swift in Sources */,
			);
			runOnlyForDeploymentPostprocessing = 0;
		};
/* End PBXSourcesBuildPhase section */

/* Begin PBXVariantGroup section */
		30230AB61ED86738003BECA1 /* Main.storyboard */ = {
			isa = PBXVariantGroup;
			children = (
				30230AB71ED86738003BECA1 /* Base */,
			);
			name = Main.storyboard;
			sourceTree = "<group>";
		};
		30230ABB1ED86738003BECA1 /* LaunchScreen.storyboard */ = {
			isa = PBXVariantGroup;
			children = (
				30230ABC1ED86738003BECA1 /* Base */,
			);
			name = LaunchScreen.storyboard;
			sourceTree = "<group>";
		};
/* End PBXVariantGroup section */

/* Begin XCBuildConfiguration section */
		30230ABF1ED86738003BECA1 /* Debug */ = {
			isa = XCBuildConfiguration;
			buildSettings = {
				ALWAYS_SEARCH_USER_PATHS = NO;
				CLANG_ANALYZER_NONNULL = YES;
				CLANG_CXX_LANGUAGE_STANDARD = "gnu++0x";
				CLANG_CXX_LIBRARY = "libc++";
				CLANG_ENABLE_MODULES = YES;
				CLANG_ENABLE_OBJC_ARC = YES;
				CLANG_WARN_BOOL_CONVERSION = YES;
				CLANG_WARN_CONSTANT_CONVERSION = YES;
				CLANG_WARN_DIRECT_OBJC_ISA_USAGE = YES_ERROR;
				CLANG_WARN_DOCUMENTATION_COMMENTS = YES;
				CLANG_WARN_EMPTY_BODY = YES;
				CLANG_WARN_ENUM_CONVERSION = YES;
				CLANG_WARN_INFINITE_RECURSION = YES;
				CLANG_WARN_INT_CONVERSION = YES;
				CLANG_WARN_OBJC_ROOT_CLASS = YES_ERROR;
				CLANG_WARN_SUSPICIOUS_MOVE = YES;
				CLANG_WARN_UNREACHABLE_CODE = YES;
				CLANG_WARN__DUPLICATE_METHOD_MATCH = YES;
				"CODE_SIGN_IDENTITY[sdk=iphoneos*]" = "iPhone Developer";
				COPY_PHASE_STRIP = NO;
				DEBUG_INFORMATION_FORMAT = dwarf;
				ENABLE_STRICT_OBJC_MSGSEND = YES;
				ENABLE_TESTABILITY = YES;
				GCC_C_LANGUAGE_STANDARD = gnu99;
				GCC_DYNAMIC_NO_PIC = NO;
				GCC_NO_COMMON_BLOCKS = YES;
				GCC_OPTIMIZATION_LEVEL = 0;
				GCC_PREPROCESSOR_DEFINITIONS = (
					"DEBUG=1",
					"$(inherited)",
				);
				GCC_WARN_64_TO_32_BIT_CONVERSION = YES;
				GCC_WARN_ABOUT_RETURN_TYPE = YES_ERROR;
				GCC_WARN_UNDECLARED_SELECTOR = YES;
				GCC_WARN_UNINITIALIZED_AUTOS = YES_AGGRESSIVE;
				GCC_WARN_UNUSED_FUNCTION = YES;
				GCC_WARN_UNUSED_VARIABLE = YES;
				IPHONEOS_DEPLOYMENT_TARGET = 10.2;
				MTL_ENABLE_DEBUG_INFO = YES;
				ONLY_ACTIVE_ARCH = YES;
				SDKROOT = iphoneos;
				SWIFT_ACTIVE_COMPILATION_CONDITIONS = DEBUG;
				SWIFT_OPTIMIZATION_LEVEL = "-Onone";
			};
			name = Debug;
		};
		30230AC01ED86738003BECA1 /* Release */ = {
			isa = XCBuildConfiguration;
			buildSettings = {
				ALWAYS_SEARCH_USER_PATHS = NO;
				CLANG_ANALYZER_NONNULL = YES;
				CLANG_CXX_LANGUAGE_STANDARD = "gnu++0x";
				CLANG_CXX_LIBRARY = "libc++";
				CLANG_ENABLE_MODULES = YES;
				CLANG_ENABLE_OBJC_ARC = YES;
				CLANG_WARN_BOOL_CONVERSION = YES;
				CLANG_WARN_CONSTANT_CONVERSION = YES;
				CLANG_WARN_DIRECT_OBJC_ISA_USAGE = YES_ERROR;
				CLANG_WARN_DOCUMENTATION_COMMENTS = YES;
				CLANG_WARN_EMPTY_BODY = YES;
				CLANG_WARN_ENUM_CONVERSION = YES;
				CLANG_WARN_INFINITE_RECURSION = YES;
				CLANG_WARN_INT_CONVERSION = YES;
				CLANG_WARN_OBJC_ROOT_CLASS = YES_ERROR;
				CLANG_WARN_SUSPICIOUS_MOVE = YES;
				CLANG_WARN_UNREACHABLE_CODE = YES;
				CLANG_WARN__DUPLICATE_METHOD_MATCH = YES;
				"CODE_SIGN_IDENTITY[sdk=iphoneos*]" = "iPhone Developer";
				COPY_PHASE_STRIP = NO;
				DEBUG_INFORMATION_FORMAT = "dwarf-with-dsym";
				ENABLE_NS_ASSERTIONS = NO;
				ENABLE_STRICT_OBJC_MSGSEND = YES;
				GCC_C_LANGUAGE_STANDARD = gnu99;
				GCC_NO_COMMON_BLOCKS = YES;
				GCC_WARN_64_TO_32_BIT_CONVERSION = YES;
				GCC_WARN_ABOUT_RETURN_TYPE = YES_ERROR;
				GCC_WARN_UNDECLARED_SELECTOR = YES;
				GCC_WARN_UNINITIALIZED_AUTOS = YES_AGGRESSIVE;
				GCC_WARN_UNUSED_FUNCTION = YES;
				GCC_WARN_UNUSED_VARIABLE = YES;
				IPHONEOS_DEPLOYMENT_TARGET = 10.2;
				MTL_ENABLE_DEBUG_INFO = NO;
				SDKROOT = iphoneos;
				SWIFT_OPTIMIZATION_LEVEL = "-Owholemodule";
				VALIDATE_PRODUCT = YES;
			};
			name = Release;
		};
		30230AC21ED86738003BECA1 /* Debug */ = {
			isa = XCBuildConfiguration;
			baseConfigurationReference = 6E845606F2602C85D0822C9D /* Pods-Reach iOS.debug.xcconfig */;
			buildSettings = {
				ASSETCATALOG_COMPILER_APPICON_NAME = AppIcon;
				DEVELOPMENT_TEAM = N62PMH2B2X;
				INFOPLIST_FILE = "Reach iOS/Info.plist";
				IPHONEOS_DEPLOYMENT_TARGET = 10.3;
				LD_RUNPATH_SEARCH_PATHS = "$(inherited) @executable_path/Frameworks @executable_path/Pods";
				PRODUCT_BUNDLE_IDENTIFIER = "reinteractive.net.Reach-iOS";
				PRODUCT_NAME = "$(TARGET_NAME)";
				SWIFT_VERSION = 3.0;
			};
			name = Debug;
		};
		30230AC31ED86738003BECA1 /* Release */ = {
			isa = XCBuildConfiguration;
			baseConfigurationReference = 1B122D6C1822B95B447447F9 /* Pods-Reach iOS.release.xcconfig */;
			buildSettings = {
				ASSETCATALOG_COMPILER_APPICON_NAME = AppIcon;
				DEVELOPMENT_TEAM = N62PMH2B2X;
				INFOPLIST_FILE = "Reach iOS/Info.plist";
				IPHONEOS_DEPLOYMENT_TARGET = 10.3;
				LD_RUNPATH_SEARCH_PATHS = "$(inherited) @executable_path/Frameworks";
				PRODUCT_BUNDLE_IDENTIFIER = "reinteractive.net.Reach-iOS";
				PRODUCT_NAME = "$(TARGET_NAME)";
				SWIFT_VERSION = 3.0;
			};
			name = Release;
		};
/* End XCBuildConfiguration section */

/* Begin XCConfigurationList section */
		30230AAA1ED86737003BECA1 /* Build configuration list for PBXProject "Reach iOS" */ = {
			isa = XCConfigurationList;
			buildConfigurations = (
				30230ABF1ED86738003BECA1 /* Debug */,
				30230AC01ED86738003BECA1 /* Release */,
			);
			defaultConfigurationIsVisible = 0;
			defaultConfigurationName = Release;
		};
		30230AC11ED86738003BECA1 /* Build configuration list for PBXNativeTarget "Reach iOS" */ = {
			isa = XCConfigurationList;
			buildConfigurations = (
				30230AC21ED86738003BECA1 /* Debug */,
				30230AC31ED86738003BECA1 /* Release */,
			);
			defaultConfigurationIsVisible = 0;
			defaultConfigurationName = Release;
		};
/* End XCConfigurationList section */
	};
	rootObject = 30230AA71ED86737003BECA1 /* Project object */;
}
